// !$*UTF8*$!
{
	archiveVersion = 1;
	classes = {
	};
	objectVersion = 56;
	objects = {

/* Begin PBXBuildFile section */
		009B398C28F9B99E0079B3DE /* LargeButtonStyle.swift in Sources */ = {isa = PBXBuildFile; fileRef = 009B398B28F9B99E0079B3DE /* LargeButtonStyle.swift */; };
		009B399328F9C1CE0079B3DE /* ContentView + ViewModel.swift in Sources */ = {isa = PBXBuildFile; fileRef = 009B399228F9C1CE0079B3DE /* ContentView + ViewModel.swift */; };
		009B399628F9C4DC0079B3DE /* TextFieldModifier.swift in Sources */ = {isa = PBXBuildFile; fileRef = 009B399528F9C4DC0079B3DE /* TextFieldModifier.swift */; };
		009B399828F9D4C00079B3DE /* TripPlannerWidget.swift in Sources */ = {isa = PBXBuildFile; fileRef = 009B399728F9D4C00079B3DE /* TripPlannerWidget.swift */; };
		009B399B28F9D9680079B3DE /* Charter.ttc in Resources */ = {isa = PBXBuildFile; fileRef = 009B399A28F9D9680079B3DE /* Charter.ttc */; };
		009B39A128F9E1BC0079B3DE /* Color + Extensions.swift in Sources */ = {isa = PBXBuildFile; fileRef = 009B39A028F9E1BC0079B3DE /* Color + Extensions.swift */; };
		009B39A328F9E7040079B3DE /* NavigationWidget.swift in Sources */ = {isa = PBXBuildFile; fileRef = 009B39A228F9E7040079B3DE /* NavigationWidget.swift */; };
		009B39A528FA238B0079B3DE /* SuggestionCell.swift in Sources */ = {isa = PBXBuildFile; fileRef = 009B39A428FA238A0079B3DE /* SuggestionCell.swift */; };
		009B39A828FA25180079B3DE /* ContentView + DataModel.swift in Sources */ = {isa = PBXBuildFile; fileRef = 009B39A728FA25180079B3DE /* ContentView + DataModel.swift */; };
		009B39AD28FA52570079B3DE /* TripView.swift in Sources */ = {isa = PBXBuildFile; fileRef = 009B39AC28FA52560079B3DE /* TripView.swift */; };
		009B39AF28FA52670079B3DE /* TripView + ViewModel.swift in Sources */ = {isa = PBXBuildFile; fileRef = 009B39AE28FA52670079B3DE /* TripView + ViewModel.swift */; };
		009B39B128FA551C0079B3DE /* LabelModifier.swift in Sources */ = {isa = PBXBuildFile; fileRef = 009B39B028FA551C0079B3DE /* LabelModifier.swift */; };
		009B39B428FA56760079B3DE /* DestinationWidget.swift in Sources */ = {isa = PBXBuildFile; fileRef = 009B39B328FA56760079B3DE /* DestinationWidget.swift */; };
		009B39B628FA5AF30079B3DE /* TripViewEntity.swift in Sources */ = {isa = PBXBuildFile; fileRef = 009B39B528FA5AF30079B3DE /* TripViewEntity.swift */; };
		009B39B828FA5B820079B3DE /* TripView + DataModel.swift in Sources */ = {isa = PBXBuildFile; fileRef = 009B39B728FA5B820079B3DE /* TripView + DataModel.swift */; };
		009B39BA28FA79950079B3DE /* RouteCard.swift in Sources */ = {isa = PBXBuildFile; fileRef = 009B39B928FA79950079B3DE /* RouteCard.swift */; };
		009B39BE28FAA4980079B3DE /* TripView + NetworkModel.swift in Sources */ = {isa = PBXBuildFile; fileRef = 009B39BD28FAA4980079B3DE /* TripView + NetworkModel.swift */; };
		009B39C128FAA7C10079B3DE /* MMapKitManager.swift in Sources */ = {isa = PBXBuildFile; fileRef = 009B39C028FAA7C10079B3DE /* MMapKitManager.swift */; };
		00E9CE2E28FAF05E0025D817 /* TripMapView.swift in Sources */ = {isa = PBXBuildFile; fileRef = 00E9CE2D28FAF05E0025D817 /* TripMapView.swift */; };
		00FD83C528F9B30500DBE99C /* Eco_MotionApp.swift in Sources */ = {isa = PBXBuildFile; fileRef = 00FD83C428F9B30500DBE99C /* Eco_MotionApp.swift */; };
		00FD83C728F9B30500DBE99C /* ContentView.swift in Sources */ = {isa = PBXBuildFile; fileRef = 00FD83C628F9B30500DBE99C /* ContentView.swift */; };
		00FD83C928F9B30700DBE99C /* Assets.xcassets in Resources */ = {isa = PBXBuildFile; fileRef = 00FD83C828F9B30700DBE99C /* Assets.xcassets */; };
		00FD83CD28F9B30700DBE99C /* Preview Assets.xcassets in Resources */ = {isa = PBXBuildFile; fileRef = 00FD83CC28F9B30700DBE99C /* Preview Assets.xcassets */; };
		00FD83DD28F9B77A00DBE99C /* WidgetBackgroundView.swift in Sources */ = {isa = PBXBuildFile; fileRef = 00FD83DC28F9B77A00DBE99C /* WidgetBackgroundView.swift */; };
		82C0FCC77D12E3974DF6FD7D /* libPods-Eco Motion.a in Frameworks */ = {isa = PBXBuildFile; fileRef = C5DEB90B5B4080ADB986F30F /* libPods-Eco Motion.a */; };
/* End PBXBuildFile section */

/* Begin PBXFileReference section */
		009B398B28F9B99E0079B3DE /* LargeButtonStyle.swift */ = {isa = PBXFileReference; lastKnownFileType = sourcecode.swift; path = LargeButtonStyle.swift; sourceTree = "<group>"; };
		009B399228F9C1CE0079B3DE /* ContentView + ViewModel.swift */ = {isa = PBXFileReference; lastKnownFileType = sourcecode.swift; path = "ContentView + ViewModel.swift"; sourceTree = "<group>"; };
		009B399528F9C4DC0079B3DE /* TextFieldModifier.swift */ = {isa = PBXFileReference; lastKnownFileType = sourcecode.swift; path = TextFieldModifier.swift; sourceTree = "<group>"; };
		009B399728F9D4C00079B3DE /* TripPlannerWidget.swift */ = {isa = PBXFileReference; fileEncoding = 4; lastKnownFileType = sourcecode.swift; path = TripPlannerWidget.swift; sourceTree = "<group>"; };
		009B399A28F9D9680079B3DE /* Charter.ttc */ = {isa = PBXFileReference; lastKnownFileType = file; path = Charter.ttc; sourceTree = "<group>"; };
		009B399C28F9DB4F0079B3DE /* Eco-Motion-Info.plist */ = {isa = PBXFileReference; lastKnownFileType = text.plist; path = "Eco-Motion-Info.plist"; sourceTree = SOURCE_ROOT; };
		009B39A028F9E1BC0079B3DE /* Color + Extensions.swift */ = {isa = PBXFileReference; lastKnownFileType = sourcecode.swift; path = "Color + Extensions.swift"; sourceTree = "<group>"; };
		009B39A228F9E7040079B3DE /* NavigationWidget.swift */ = {isa = PBXFileReference; lastKnownFileType = sourcecode.swift; path = NavigationWidget.swift; sourceTree = "<group>"; };
		009B39A428FA238A0079B3DE /* SuggestionCell.swift */ = {isa = PBXFileReference; lastKnownFileType = sourcecode.swift; path = SuggestionCell.swift; sourceTree = "<group>"; };
		009B39A728FA25180079B3DE /* ContentView + DataModel.swift */ = {isa = PBXFileReference; lastKnownFileType = sourcecode.swift; path = "ContentView + DataModel.swift"; sourceTree = "<group>"; };
		009B39AC28FA52560079B3DE /* TripView.swift */ = {isa = PBXFileReference; lastKnownFileType = sourcecode.swift; path = TripView.swift; sourceTree = "<group>"; };
		009B39AE28FA52670079B3DE /* TripView + ViewModel.swift */ = {isa = PBXFileReference; lastKnownFileType = sourcecode.swift; path = "TripView + ViewModel.swift"; sourceTree = "<group>"; };
		009B39B028FA551C0079B3DE /* LabelModifier.swift */ = {isa = PBXFileReference; lastKnownFileType = sourcecode.swift; path = LabelModifier.swift; sourceTree = "<group>"; };
		009B39B328FA56760079B3DE /* DestinationWidget.swift */ = {isa = PBXFileReference; lastKnownFileType = sourcecode.swift; path = DestinationWidget.swift; sourceTree = "<group>"; };
		009B39B528FA5AF30079B3DE /* TripViewEntity.swift */ = {isa = PBXFileReference; lastKnownFileType = sourcecode.swift; path = TripViewEntity.swift; sourceTree = "<group>"; };
		009B39B728FA5B820079B3DE /* TripView + DataModel.swift */ = {isa = PBXFileReference; lastKnownFileType = sourcecode.swift; path = "TripView + DataModel.swift"; sourceTree = "<group>"; };
		009B39B928FA79950079B3DE /* RouteCard.swift */ = {isa = PBXFileReference; lastKnownFileType = sourcecode.swift; path = RouteCard.swift; sourceTree = "<group>"; };
		009B39BD28FAA4980079B3DE /* TripView + NetworkModel.swift */ = {isa = PBXFileReference; lastKnownFileType = sourcecode.swift; path = "TripView + NetworkModel.swift"; sourceTree = "<group>"; };
		009B39C028FAA7C10079B3DE /* MMapKitManager.swift */ = {isa = PBXFileReference; lastKnownFileType = sourcecode.swift; path = MMapKitManager.swift; sourceTree = "<group>"; };
		00E9CE2D28FAF05E0025D817 /* TripMapView.swift */ = {isa = PBXFileReference; lastKnownFileType = sourcecode.swift; path = TripMapView.swift; sourceTree = "<group>"; };
		00FD83C128F9B30500DBE99C /* Eco Motion.app */ = {isa = PBXFileReference; explicitFileType = wrapper.application; includeInIndex = 0; path = "Eco Motion.app"; sourceTree = BUILT_PRODUCTS_DIR; };
		00FD83C428F9B30500DBE99C /* Eco_MotionApp.swift */ = {isa = PBXFileReference; lastKnownFileType = sourcecode.swift; path = Eco_MotionApp.swift; sourceTree = "<group>"; };
		00FD83C628F9B30500DBE99C /* ContentView.swift */ = {isa = PBXFileReference; lastKnownFileType = sourcecode.swift; path = ContentView.swift; sourceTree = "<group>"; };
		00FD83C828F9B30700DBE99C /* Assets.xcassets */ = {isa = PBXFileReference; lastKnownFileType = folder.assetcatalog; path = Assets.xcassets; sourceTree = "<group>"; };
		00FD83CA28F9B30700DBE99C /* Eco_Motion.entitlements */ = {isa = PBXFileReference; lastKnownFileType = text.plist.entitlements; path = Eco_Motion.entitlements; sourceTree = "<group>"; };
		00FD83CC28F9B30700DBE99C /* Preview Assets.xcassets */ = {isa = PBXFileReference; lastKnownFileType = folder.assetcatalog; path = "Preview Assets.xcassets"; sourceTree = "<group>"; };
		00FD83DC28F9B77A00DBE99C /* WidgetBackgroundView.swift */ = {isa = PBXFileReference; lastKnownFileType = sourcecode.swift; path = WidgetBackgroundView.swift; sourceTree = "<group>"; };
		71B698BC1ADA099DED3B1017 /* Pods-Eco Motion.release.xcconfig */ = {isa = PBXFileReference; includeInIndex = 1; lastKnownFileType = text.xcconfig; name = "Pods-Eco Motion.release.xcconfig"; path = "Target Support Files/Pods-Eco Motion/Pods-Eco Motion.release.xcconfig"; sourceTree = "<group>"; };
		C5DEB90B5B4080ADB986F30F /* libPods-Eco Motion.a */ = {isa = PBXFileReference; explicitFileType = archive.ar; includeInIndex = 0; path = "libPods-Eco Motion.a"; sourceTree = BUILT_PRODUCTS_DIR; };
		DB119A169BAF29479BEE377E /* Pods-Eco Motion.debug.xcconfig */ = {isa = PBXFileReference; includeInIndex = 1; lastKnownFileType = text.xcconfig; name = "Pods-Eco Motion.debug.xcconfig"; path = "Target Support Files/Pods-Eco Motion/Pods-Eco Motion.debug.xcconfig"; sourceTree = "<group>"; };
/* End PBXFileReference section */

/* Begin PBXFrameworksBuildPhase section */
		00FD83BE28F9B30500DBE99C /* Frameworks */ = {
			isa = PBXFrameworksBuildPhase;
			buildActionMask = 2147483647;
			files = (
				82C0FCC77D12E3974DF6FD7D /* libPods-Eco Motion.a in Frameworks */,
			);
			runOnlyForDeploymentPostprocessing = 0;
		};
/* End PBXFrameworksBuildPhase section */

/* Begin PBXGroup section */
		009B398D28F9C09F0079B3DE /* Views */ = {
			isa = PBXGroup;
			children = (
				009B399728F9D4C00079B3DE /* TripPlannerWidget.swift */,
				009B39A228F9E7040079B3DE /* NavigationWidget.swift */,
				009B39A428FA238A0079B3DE /* SuggestionCell.swift */,
			);
			path = Views;
			sourceTree = "<group>";
		};
		009B399428F9C4C20079B3DE /* Modifiers */ = {
			isa = PBXGroup;
			children = (
				009B399528F9C4DC0079B3DE /* TextFieldModifier.swift */,
				009B39B028FA551C0079B3DE /* LabelModifier.swift */,
			);
			path = Modifiers;
			sourceTree = "<group>";
		};
		009B399928F9D9370079B3DE /* Assets */ = {
			isa = PBXGroup;
			children = (
				00FD83C828F9B30700DBE99C /* Assets.xcassets */,
				009B399A28F9D9680079B3DE /* Charter.ttc */,
			);
			path = Assets;
			sourceTree = "<group>";
		};
		009B399F28F9E19D0079B3DE /* Extensions */ = {
			isa = PBXGroup;
			children = (
				009B39A028F9E1BC0079B3DE /* Color + Extensions.swift */,
			);
			path = Extensions;
			sourceTree = "<group>";
		};
		009B39A628FA24EF0079B3DE /* Entities */ = {
			isa = PBXGroup;
			children = (
			);
			path = Entities;
			sourceTree = "<group>";
		};
		009B39AA28FA522D0079B3DE /* TripView */ = {
			isa = PBXGroup;
			children = (
				009B39AB28FA52370079B3DE /* Entities */,
				009B39B228FA56270079B3DE /* Views */,
				009B39AC28FA52560079B3DE /* TripView.swift */,
				009B39AE28FA52670079B3DE /* TripView + ViewModel.swift */,
				009B39B728FA5B820079B3DE /* TripView + DataModel.swift */,
				009B39BD28FAA4980079B3DE /* TripView + NetworkModel.swift */,
			);
			path = TripView;
			sourceTree = "<group>";
		};
		009B39AB28FA52370079B3DE /* Entities */ = {
			isa = PBXGroup;
			children = (
				009B39B528FA5AF30079B3DE /* TripViewEntity.swift */,
			);
			path = Entities;
			sourceTree = "<group>";
		};
		009B39B228FA56270079B3DE /* Views */ = {
			isa = PBXGroup;
			children = (
				009B39B328FA56760079B3DE /* DestinationWidget.swift */,
				009B39B928FA79950079B3DE /* RouteCard.swift */,
			);
			path = Views;
			sourceTree = "<group>";
		};
		009B39BF28FAA7AE0079B3DE /* Managers */ = {
			isa = PBXGroup;
			children = (
				009B39C028FAA7C10079B3DE /* MMapKitManager.swift */,
			);
			path = Managers;
			sourceTree = "<group>";
		};
		00E9CE2C28FAF0420025D817 /* TripMapView */ = {
			isa = PBXGroup;
			children = (
				00E9CE2D28FAF05E0025D817 /* TripMapView.swift */,
			);
			path = TripMapView;
			sourceTree = "<group>";
		};
		00FD83B828F9B30500DBE99C = {
			isa = PBXGroup;
			children = (
				00FD83C328F9B30500DBE99C /* Eco Motion */,
				00FD83C228F9B30500DBE99C /* Products */,
				F07DD56AD3085F4FDDE46070 /* Pods */,
				7AE6AC55A8115F3E76AD532F /* Frameworks */,
			);
			sourceTree = "<group>";
		};
		00FD83C228F9B30500DBE99C /* Products */ = {
			isa = PBXGroup;
			children = (
				00FD83C128F9B30500DBE99C /* Eco Motion.app */,
			);
			name = Products;
			sourceTree = "<group>";
		};
		00FD83C328F9B30500DBE99C /* Eco Motion */ = {
			isa = PBXGroup;
			children = (
				009B399C28F9DB4F0079B3DE /* Eco-Motion-Info.plist */,
				009B399928F9D9370079B3DE /* Assets */,
				00FD83D528F9B42500DBE99C /* Common */,
				00FD83D328F9B3E300DBE99C /* Scenes */,
				00FD83C428F9B30500DBE99C /* Eco_MotionApp.swift */,
				00FD83CA28F9B30700DBE99C /* Eco_Motion.entitlements */,
				00FD83CB28F9B30700DBE99C /* Preview Content */,
			);
			path = "Eco Motion";
			sourceTree = "<group>";
		};
		00FD83CB28F9B30700DBE99C /* Preview Content */ = {
			isa = PBXGroup;
			children = (
				00FD83CC28F9B30700DBE99C /* Preview Assets.xcassets */,
			);
			path = "Preview Content";
			sourceTree = "<group>";
		};
		00FD83D328F9B3E300DBE99C /* Scenes */ = {
			isa = PBXGroup;
			children = (
				00E9CE2C28FAF0420025D817 /* TripMapView */,
				009B39AA28FA522D0079B3DE /* TripView */,
				00FD83D428F9B40500DBE99C /* ContentView */,
			);
			path = Scenes;
			sourceTree = "<group>";
		};
		00FD83D428F9B40500DBE99C /* ContentView */ = {
			isa = PBXGroup;
			children = (
				009B39A628FA24EF0079B3DE /* Entities */,
				009B398D28F9C09F0079B3DE /* Views */,
				00FD83C628F9B30500DBE99C /* ContentView.swift */,
				009B399228F9C1CE0079B3DE /* ContentView + ViewModel.swift */,
				009B39A728FA25180079B3DE /* ContentView + DataModel.swift */,
			);
			path = ContentView;
			sourceTree = "<group>";
		};
		00FD83D528F9B42500DBE99C /* Common */ = {
			isa = PBXGroup;
			children = (
				009B39BF28FAA7AE0079B3DE /* Managers */,
				009B399F28F9E19D0079B3DE /* Extensions */,
				009B399428F9C4C20079B3DE /* Modifiers */,
				00FD83DB28F9B75000DBE99C /* UI Components */,
				00FD83D628F9B43600DBE99C /* Styles */,
			);
			path = Common;
			sourceTree = "<group>";
		};
		00FD83D628F9B43600DBE99C /* Styles */ = {
			isa = PBXGroup;
			children = (
				009B398B28F9B99E0079B3DE /* LargeButtonStyle.swift */,
			);
			path = Styles;
			sourceTree = "<group>";
		};
		00FD83DB28F9B75000DBE99C /* UI Components */ = {
			isa = PBXGroup;
			children = (
				00FD83DC28F9B77A00DBE99C /* WidgetBackgroundView.swift */,
			);
			path = "UI Components";
			sourceTree = "<group>";
		};
		7AE6AC55A8115F3E76AD532F /* Frameworks */ = {
			isa = PBXGroup;
			children = (
				C5DEB90B5B4080ADB986F30F /* libPods-Eco Motion.a */,
			);
			name = Frameworks;
			sourceTree = "<group>";
		};
		F07DD56AD3085F4FDDE46070 /* Pods */ = {
			isa = PBXGroup;
			children = (
				DB119A169BAF29479BEE377E /* Pods-Eco Motion.debug.xcconfig */,
				71B698BC1ADA099DED3B1017 /* Pods-Eco Motion.release.xcconfig */,
			);
			path = Pods;
			sourceTree = "<group>";
		};
/* End PBXGroup section */

/* Begin PBXNativeTarget section */
		00FD83C028F9B30500DBE99C /* Eco Motion */ = {
			isa = PBXNativeTarget;
			buildConfigurationList = 00FD83D028F9B30700DBE99C /* Build configuration list for PBXNativeTarget "Eco Motion" */;
			buildPhases = (
				235D9643274DD87259E1D28D /* [CP] Check Pods Manifest.lock */,
				00FD83BD28F9B30500DBE99C /* Sources */,
				00FD83BE28F9B30500DBE99C /* Frameworks */,
				00FD83BF28F9B30500DBE99C /* Resources */,
				ABB178563F9015AD565723E1 /* [CP] Copy Pods Resources */,
			);
			buildRules = (
			);
			dependencies = (
			);
			name = "Eco Motion";
			productName = "Eco Motion";
			productReference = 00FD83C128F9B30500DBE99C /* Eco Motion.app */;
			productType = "com.apple.product-type.application";
		};
/* End PBXNativeTarget section */

/* Begin PBXProject section */
		00FD83B928F9B30500DBE99C /* Project object */ = {
			isa = PBXProject;
			attributes = {
				BuildIndependentTargetsInParallel = 1;
				LastSwiftUpdateCheck = 1400;
				LastUpgradeCheck = 1400;
				TargetAttributes = {
					00FD83C028F9B30500DBE99C = {
						CreatedOnToolsVersion = 14.0.1;
					};
				};
			};
			buildConfigurationList = 00FD83BC28F9B30500DBE99C /* Build configuration list for PBXProject "Eco Motion" */;
			compatibilityVersion = "Xcode 14.0";
			developmentRegion = en;
			hasScannedForEncodings = 0;
			knownRegions = (
				en,
				Base,
			);
			mainGroup = 00FD83B828F9B30500DBE99C;
			productRefGroup = 00FD83C228F9B30500DBE99C /* Products */;
			projectDirPath = "";
			projectRoot = "";
			targets = (
				00FD83C028F9B30500DBE99C /* Eco Motion */,
			);
		};
/* End PBXProject section */

/* Begin PBXResourcesBuildPhase section */
		00FD83BF28F9B30500DBE99C /* Resources */ = {
			isa = PBXResourcesBuildPhase;
			buildActionMask = 2147483647;
			files = (
				00FD83CD28F9B30700DBE99C /* Preview Assets.xcassets in Resources */,
				00FD83C928F9B30700DBE99C /* Assets.xcassets in Resources */,
				009B399B28F9D9680079B3DE /* Charter.ttc in Resources */,
			);
			runOnlyForDeploymentPostprocessing = 0;
		};
/* End PBXResourcesBuildPhase section */

/* Begin PBXShellScriptBuildPhase section */
		235D9643274DD87259E1D28D /* [CP] Check Pods Manifest.lock */ = {
			isa = PBXShellScriptBuildPhase;
			buildActionMask = 2147483647;
			files = (
			);
			inputFileListPaths = (
			);
			inputPaths = (
				"${PODS_PODFILE_DIR_PATH}/Podfile.lock",
				"${PODS_ROOT}/Manifest.lock",
			);
			name = "[CP] Check Pods Manifest.lock";
			outputFileListPaths = (
			);
			outputPaths = (
				"$(DERIVED_FILE_DIR)/Pods-Eco Motion-checkManifestLockResult.txt",
			);
			runOnlyForDeploymentPostprocessing = 0;
			shellPath = /bin/sh;
			shellScript = "diff \"${PODS_PODFILE_DIR_PATH}/Podfile.lock\" \"${PODS_ROOT}/Manifest.lock\" > /dev/null\nif [ $? != 0 ] ; then\n    # print error to STDERR\n    echo \"error: The sandbox is not in sync with the Podfile.lock. Run 'pod install' or update your CocoaPods installation.\" >&2\n    exit 1\nfi\n# This output is used by Xcode 'outputs' to avoid re-running this script phase.\necho \"SUCCESS\" > \"${SCRIPT_OUTPUT_FILE_0}\"\n";
			showEnvVarsInLog = 0;
		};
		ABB178563F9015AD565723E1 /* [CP] Copy Pods Resources */ = {
			isa = PBXShellScriptBuildPhase;
			buildActionMask = 2147483647;
			files = (
			);
			inputFileListPaths = (
				"${PODS_ROOT}/Target Support Files/Pods-Eco Motion/Pods-Eco Motion-resources-${CONFIGURATION}-input-files.xcfilelist",
			);
			name = "[CP] Copy Pods Resources";
			outputFileListPaths = (
				"${PODS_ROOT}/Target Support Files/Pods-Eco Motion/Pods-Eco Motion-resources-${CONFIGURATION}-output-files.xcfilelist",
			);
			runOnlyForDeploymentPostprocessing = 0;
			shellPath = /bin/sh;
			shellScript = "\"${PODS_ROOT}/Target Support Files/Pods-Eco Motion/Pods-Eco Motion-resources.sh\"\n";
			showEnvVarsInLog = 0;
		};
/* End PBXShellScriptBuildPhase section */

/* Begin PBXSourcesBuildPhase section */
		00FD83BD28F9B30500DBE99C /* Sources */ = {
			isa = PBXSourcesBuildPhase;
			buildActionMask = 2147483647;
			files = (
				00FD83C728F9B30500DBE99C /* ContentView.swift in Sources */,
				009B39C128FAA7C10079B3DE /* MMapKitManager.swift in Sources */,
				009B39B128FA551C0079B3DE /* LabelModifier.swift in Sources */,
				009B398C28F9B99E0079B3DE /* LargeButtonStyle.swift in Sources */,
				00FD83DD28F9B77A00DBE99C /* WidgetBackgroundView.swift in Sources */,
				009B39AD28FA52570079B3DE /* TripView.swift in Sources */,
				009B39A828FA25180079B3DE /* ContentView + DataModel.swift in Sources */,
				009B39B828FA5B820079B3DE /* TripView + DataModel.swift in Sources */,
				009B39B628FA5AF30079B3DE /* TripViewEntity.swift in Sources */,
				009B39A528FA238B0079B3DE /* SuggestionCell.swift in Sources */,
				009B39AF28FA52670079B3DE /* TripView + ViewModel.swift in Sources */,
				009B399628F9C4DC0079B3DE /* TextFieldModifier.swift in Sources */,
				00FD83C528F9B30500DBE99C /* Eco_MotionApp.swift in Sources */,
				009B39B428FA56760079B3DE /* DestinationWidget.swift in Sources */,
				00E9CE2E28FAF05E0025D817 /* TripMapView.swift in Sources */,
				009B39BA28FA79950079B3DE /* RouteCard.swift in Sources */,
				009B39A328F9E7040079B3DE /* NavigationWidget.swift in Sources */,
				009B39A128F9E1BC0079B3DE /* Color + Extensions.swift in Sources */,
				009B399828F9D4C00079B3DE /* TripPlannerWidget.swift in Sources */,
				009B39BE28FAA4980079B3DE /* TripView + NetworkModel.swift in Sources */,
				009B399328F9C1CE0079B3DE /* ContentView + ViewModel.swift in Sources */,
			);
			runOnlyForDeploymentPostprocessing = 0;
		};
/* End PBXSourcesBuildPhase section */

/* Begin XCBuildConfiguration section */
		00FD83CE28F9B30700DBE99C /* Debug */ = {
			isa = XCBuildConfiguration;
			buildSettings = {
				ALWAYS_SEARCH_USER_PATHS = NO;
				CLANG_ANALYZER_NONNULL = YES;
				CLANG_ANALYZER_NUMBER_OBJECT_CONVERSION = YES_AGGRESSIVE;
				CLANG_CXX_LANGUAGE_STANDARD = "gnu++20";
				CLANG_ENABLE_MODULES = YES;
				CLANG_ENABLE_OBJC_ARC = YES;
				CLANG_ENABLE_OBJC_WEAK = YES;
				CLANG_WARN_BLOCK_CAPTURE_AUTORELEASING = YES;
				CLANG_WARN_BOOL_CONVERSION = YES;
				CLANG_WARN_COMMA = YES;
				CLANG_WARN_CONSTANT_CONVERSION = YES;
				CLANG_WARN_DEPRECATED_OBJC_IMPLEMENTATIONS = YES;
				CLANG_WARN_DIRECT_OBJC_ISA_USAGE = YES_ERROR;
				CLANG_WARN_DOCUMENTATION_COMMENTS = YES;
				CLANG_WARN_EMPTY_BODY = YES;
				CLANG_WARN_ENUM_CONVERSION = YES;
				CLANG_WARN_INFINITE_RECURSION = YES;
				CLANG_WARN_INT_CONVERSION = YES;
				CLANG_WARN_NON_LITERAL_NULL_CONVERSION = YES;
				CLANG_WARN_OBJC_IMPLICIT_RETAIN_SELF = YES;
				CLANG_WARN_OBJC_LITERAL_CONVERSION = YES;
				CLANG_WARN_OBJC_ROOT_CLASS = YES_ERROR;
				CLANG_WARN_QUOTED_INCLUDE_IN_FRAMEWORK_HEADER = YES;
				CLANG_WARN_RANGE_LOOP_ANALYSIS = YES;
				CLANG_WARN_STRICT_PROTOTYPES = YES;
				CLANG_WARN_SUSPICIOUS_MOVE = YES;
				CLANG_WARN_UNGUARDED_AVAILABILITY = YES_AGGRESSIVE;
				CLANG_WARN_UNREACHABLE_CODE = YES;
				CLANG_WARN__DUPLICATE_METHOD_MATCH = YES;
				COPY_PHASE_STRIP = NO;
				DEBUG_INFORMATION_FORMAT = dwarf;
				ENABLE_STRICT_OBJC_MSGSEND = YES;
				ENABLE_TESTABILITY = YES;
				GCC_C_LANGUAGE_STANDARD = gnu11;
				GCC_DYNAMIC_NO_PIC = NO;
				GCC_NO_COMMON_BLOCKS = YES;
				GCC_OPTIMIZATION_LEVEL = 0;
				GCC_PREPROCESSOR_DEFINITIONS = (
					"DEBUG=1",
					"$(inherited)",
				);
				GCC_WARN_64_TO_32_BIT_CONVERSION = YES;
				GCC_WARN_ABOUT_RETURN_TYPE = YES_ERROR;
				GCC_WARN_UNDECLARED_SELECTOR = YES;
				GCC_WARN_UNINITIALIZED_AUTOS = YES_AGGRESSIVE;
				GCC_WARN_UNUSED_FUNCTION = YES;
				GCC_WARN_UNUSED_VARIABLE = YES;
				MTL_ENABLE_DEBUG_INFO = INCLUDE_SOURCE;
				MTL_FAST_MATH = YES;
				ONLY_ACTIVE_ARCH = YES;
				SWIFT_ACTIVE_COMPILATION_CONDITIONS = DEBUG;
				SWIFT_OPTIMIZATION_LEVEL = "-Onone";
			};
			name = Debug;
		};
		00FD83CF28F9B30700DBE99C /* Release */ = {
			isa = XCBuildConfiguration;
			buildSettings = {
				ALWAYS_SEARCH_USER_PATHS = NO;
				CLANG_ANALYZER_NONNULL = YES;
				CLANG_ANALYZER_NUMBER_OBJECT_CONVERSION = YES_AGGRESSIVE;
				CLANG_CXX_LANGUAGE_STANDARD = "gnu++20";
				CLANG_ENABLE_MODULES = YES;
				CLANG_ENABLE_OBJC_ARC = YES;
				CLANG_ENABLE_OBJC_WEAK = YES;
				CLANG_WARN_BLOCK_CAPTURE_AUTORELEASING = YES;
				CLANG_WARN_BOOL_CONVERSION = YES;
				CLANG_WARN_COMMA = YES;
				CLANG_WARN_CONSTANT_CONVERSION = YES;
				CLANG_WARN_DEPRECATED_OBJC_IMPLEMENTATIONS = YES;
				CLANG_WARN_DIRECT_OBJC_ISA_USAGE = YES_ERROR;
				CLANG_WARN_DOCUMENTATION_COMMENTS = YES;
				CLANG_WARN_EMPTY_BODY = YES;
				CLANG_WARN_ENUM_CONVERSION = YES;
				CLANG_WARN_INFINITE_RECURSION = YES;
				CLANG_WARN_INT_CONVERSION = YES;
				CLANG_WARN_NON_LITERAL_NULL_CONVERSION = YES;
				CLANG_WARN_OBJC_IMPLICIT_RETAIN_SELF = YES;
				CLANG_WARN_OBJC_LITERAL_CONVERSION = YES;
				CLANG_WARN_OBJC_ROOT_CLASS = YES_ERROR;
				CLANG_WARN_QUOTED_INCLUDE_IN_FRAMEWORK_HEADER = YES;
				CLANG_WARN_RANGE_LOOP_ANALYSIS = YES;
				CLANG_WARN_STRICT_PROTOTYPES = YES;
				CLANG_WARN_SUSPICIOUS_MOVE = YES;
				CLANG_WARN_UNGUARDED_AVAILABILITY = YES_AGGRESSIVE;
				CLANG_WARN_UNREACHABLE_CODE = YES;
				CLANG_WARN__DUPLICATE_METHOD_MATCH = YES;
				COPY_PHASE_STRIP = NO;
				DEBUG_INFORMATION_FORMAT = "dwarf-with-dsym";
				ENABLE_NS_ASSERTIONS = NO;
				ENABLE_STRICT_OBJC_MSGSEND = YES;
				GCC_C_LANGUAGE_STANDARD = gnu11;
				GCC_NO_COMMON_BLOCKS = YES;
				GCC_WARN_64_TO_32_BIT_CONVERSION = YES;
				GCC_WARN_ABOUT_RETURN_TYPE = YES_ERROR;
				GCC_WARN_UNDECLARED_SELECTOR = YES;
				GCC_WARN_UNINITIALIZED_AUTOS = YES_AGGRESSIVE;
				GCC_WARN_UNUSED_FUNCTION = YES;
				GCC_WARN_UNUSED_VARIABLE = YES;
				MTL_ENABLE_DEBUG_INFO = NO;
				MTL_FAST_MATH = YES;
				SWIFT_COMPILATION_MODE = wholemodule;
				SWIFT_OPTIMIZATION_LEVEL = "-O";
			};
			name = Release;
		};
		00FD83D128F9B30700DBE99C /* Debug */ = {
			isa = XCBuildConfiguration;
			baseConfigurationReference = DB119A169BAF29479BEE377E /* Pods-Eco Motion.debug.xcconfig */;
			buildSettings = {
				ASSETCATALOG_COMPILER_APPICON_NAME = AppIcon;
				ASSETCATALOG_COMPILER_GLOBAL_ACCENT_COLOR_NAME = AccentColor;
				CODE_SIGN_ENTITLEMENTS = "Eco Motion/Eco_Motion.entitlements";
				CODE_SIGN_STYLE = Automatic;
				CURRENT_PROJECT_VERSION = 1;
				DEVELOPMENT_ASSET_PATHS = "\"Eco Motion/Preview Content\"";
				DEVELOPMENT_TEAM = R2MF39ASQT;
				ENABLE_HARDENED_RUNTIME = YES;
				"ENABLE_HARDENED_RUNTIME[sdk=macosx*]" = YES;
				ENABLE_PREVIEWS = YES;
				GENERATE_INFOPLIST_FILE = YES;
				INFOPLIST_FILE = "Eco-Motion-Info.plist";
				INFOPLIST_KEY_NSLocationAlwaysAndWhenInUseUsageDescription = "\"Need Location\"";
				INFOPLIST_KEY_NSLocationWhenInUseUsageDescription = "\"Need Location\"";
				"INFOPLIST_KEY_UIApplicationSceneManifest_Generation[sdk=iphoneos*]" = YES;
				"INFOPLIST_KEY_UIApplicationSceneManifest_Generation[sdk=iphonesimulator*]" = YES;
				"INFOPLIST_KEY_UIApplicationSupportsIndirectInputEvents[sdk=iphoneos*]" = YES;
				"INFOPLIST_KEY_UIApplicationSupportsIndirectInputEvents[sdk=iphonesimulator*]" = YES;
				"INFOPLIST_KEY_UILaunchScreen_Generation[sdk=iphoneos*]" = YES;
				"INFOPLIST_KEY_UILaunchScreen_Generation[sdk=iphonesimulator*]" = YES;
				"INFOPLIST_KEY_UIStatusBarStyle[sdk=iphoneos*]" = UIStatusBarStyleDefault;
				"INFOPLIST_KEY_UIStatusBarStyle[sdk=iphonesimulator*]" = UIStatusBarStyleDefault;
				INFOPLIST_KEY_UISupportedInterfaceOrientations = "UIInterfaceOrientationLandscapeLeft UIInterfaceOrientationLandscapeRight UIInterfaceOrientationPortrait";
				INFOPLIST_KEY_UISupportedInterfaceOrientations_iPad = "UIInterfaceOrientationLandscapeLeft UIInterfaceOrientationLandscapeRight UIInterfaceOrientationPortrait UIInterfaceOrientationPortraitUpsideDown";
				IPHONEOS_DEPLOYMENT_TARGET = 16.0;
				LD_RUNPATH_SEARCH_PATHS = "@executable_path/Frameworks";
				"LD_RUNPATH_SEARCH_PATHS[sdk=macosx*]" = "@executable_path/../Frameworks";
				MACOSX_DEPLOYMENT_TARGET = 12.3;
				MARKETING_VERSION = 1.0;
				PRODUCT_BUNDLE_IDENTIFIER = "com.Mert-Tecimen.Eco-Motion";
				PRODUCT_NAME = "$(TARGET_NAME)";
				SDKROOT = auto;
				SUPPORTED_PLATFORMS = "iphoneos iphonesimulator macosx";
				SWIFT_EMIT_LOC_STRINGS = YES;
				SWIFT_VERSION = 5.0;
				TARGETED_DEVICE_FAMILY = "1,2";
			};
			name = Debug;
		};
		00FD83D228F9B30700DBE99C /* Release */ = {
			isa = XCBuildConfiguration;
			baseConfigurationReference = 71B698BC1ADA099DED3B1017 /* Pods-Eco Motion.release.xcconfig */;
			buildSettings = {
				ASSETCATALOG_COMPILER_APPICON_NAME = AppIcon;
				ASSETCATALOG_COMPILER_GLOBAL_ACCENT_COLOR_NAME = AccentColor;
				CODE_SIGN_ENTITLEMENTS = "Eco Motion/Eco_Motion.entitlements";
				CODE_SIGN_STYLE = Automatic;
				CURRENT_PROJECT_VERSION = 1;
				DEVELOPMENT_ASSET_PATHS = "\"Eco Motion/Preview Content\"";
				DEVELOPMENT_TEAM = R2MF39ASQT;
				ENABLE_HARDENED_RUNTIME = YES;
				"ENABLE_HARDENED_RUNTIME[sdk=macosx*]" = YES;
				ENABLE_PREVIEWS = YES;
				GENERATE_INFOPLIST_FILE = YES;
				INFOPLIST_FILE = "Eco-Motion-Info.plist";
				INFOPLIST_KEY_NSLocationAlwaysAndWhenInUseUsageDescription = "\"Need Location\"";
				INFOPLIST_KEY_NSLocationWhenInUseUsageDescription = "\"Need Location\"";
				"INFOPLIST_KEY_UIApplicationSceneManifest_Generation[sdk=iphoneos*]" = YES;
				"INFOPLIST_KEY_UIApplicationSceneManifest_Generation[sdk=iphonesimulator*]" = YES;
				"INFOPLIST_KEY_UIApplicationSupportsIndirectInputEvents[sdk=iphoneos*]" = YES;
				"INFOPLIST_KEY_UIApplicationSupportsIndirectInputEvents[sdk=iphonesimulator*]" = YES;
				"INFOPLIST_KEY_UILaunchScreen_Generation[sdk=iphoneos*]" = YES;
				"INFOPLIST_KEY_UILaunchScreen_Generation[sdk=iphonesimulator*]" = YES;
				"INFOPLIST_KEY_UIStatusBarStyle[sdk=iphoneos*]" = UIStatusBarStyleDefault;
				"INFOPLIST_KEY_UIStatusBarStyle[sdk=iphonesimulator*]" = UIStatusBarStyleDefault;
				INFOPLIST_KEY_UISupportedInterfaceOrientations = "UIInterfaceOrientationLandscapeLeft UIInterfaceOrientationLandscapeRight UIInterfaceOrientationPortrait";
				INFOPLIST_KEY_UISupportedInterfaceOrientations_iPad = "UIInterfaceOrientationLandscapeLeft UIInterfaceOrientationLandscapeRight UIInterfaceOrientationPortrait UIInterfaceOrientationPortraitUpsideDown";
				IPHONEOS_DEPLOYMENT_TARGET = 16.0;
				LD_RUNPATH_SEARCH_PATHS = "@executable_path/Frameworks";
				"LD_RUNPATH_SEARCH_PATHS[sdk=macosx*]" = "@executable_path/../Frameworks";
				MACOSX_DEPLOYMENT_TARGET = 12.3;
				MARKETING_VERSION = 1.0;
				PRODUCT_BUNDLE_IDENTIFIER = "com.Mert-Tecimen.Eco-Motion";
				PRODUCT_NAME = "$(TARGET_NAME)";
				SDKROOT = auto;
				SUPPORTED_PLATFORMS = "iphoneos iphonesimulator macosx";
				SWIFT_EMIT_LOC_STRINGS = YES;
				SWIFT_VERSION = 5.0;
				TARGETED_DEVICE_FAMILY = "1,2";
			};
			name = Release;
		};
/* End XCBuildConfiguration section */

/* Begin XCConfigurationList section */
		00FD83BC28F9B30500DBE99C /* Build configuration list for PBXProject "Eco Motion" */ = {
			isa = XCConfigurationList;
			buildConfigurations = (
				00FD83CE28F9B30700DBE99C /* Debug */,
				00FD83CF28F9B30700DBE99C /* Release */,
			);
			defaultConfigurationIsVisible = 0;
			defaultConfigurationName = Release;
		};
		00FD83D028F9B30700DBE99C /* Build configuration list for PBXNativeTarget "Eco Motion" */ = {
			isa = XCConfigurationList;
			buildConfigurations = (
				00FD83D128F9B30700DBE99C /* Debug */,
				00FD83D228F9B30700DBE99C /* Release */,
			);
			defaultConfigurationIsVisible = 0;
			defaultConfigurationName = Release;
		};
/* End XCConfigurationList section */
	};
	rootObject = 00FD83B928F9B30500DBE99C /* Project object */;
}
